{
  "name": "risk-management",
  "version": "1.0.0",
  "lockfileVersion": 1,
  "requires": true,
  "dependencies": {
    "@sap/ux-specification": {
      "version": "1.90.13",
      "resolved": "http://nginx-redirector.repo-cache.svc.cluster.local/repository/appstudio-npm-group/@sap/ux-specification/-/ux-specification-1.90.13.tgz",
      "integrity": "sha512-P/5V22DEOO0jXbcJ079e1D3BVr+gTwkwTZvDj/kp9CqN+CF6r/LW7oLMw5YDyUGCqlxwaX+b9jv/80cbuOnOdQ==",
      "dev": true
    }
  }
}
